
Microsoft Visual Studio Solution File, Format Version 12.00
# Visual Studio Version 16
VisualStudioVersion = 16.0.31624.102
MinimumVisualStudioVersion = 10.0.40219.1
Project("{9A19103F-16F7-4668-BE54-9A1E7A4F7556}") = "FCBHXamarin", "FCBHXamarin\FCBHXamarin\FCBHXamarin.csproj", "{A813C8E4-7DF5-4A56-8D4A-7BA5C279CA64}"
EndProject
Project("{FAE04EC0-301F-11D3-BF4B-00C04F79EFBC}") = "FCBHXamarin.Android", "FCBHXamarin\FCBHXamarin.Android\FCBHXamarin.Android.csproj", "{DF98DF89-B72E-4A35-A1F2-82A42CA4D513}"
EndProject
Project("{FAE04EC0-301F-11D3-BF4B-00C04F79EFBC}") = "FCBHXamarin.iOS", "FCBHXamarin\FCBHXamarin.iOS\FCBHXamarin.iOS.csproj", "{CA993442-8FC4-4C01-A547-3091C812AE5B}"
EndProject
Project("{2150E333-8FDC-42A3-9474-1A3956D46DE8}") = "App", "App", "{D512256B-BF6C-485C-BC7E-7919B4FE50FD}"
EndProject
Project("{2150E333-8FDC-42A3-9474-1A3956D46DE8}") = "Domain", "Domain", "{2211CE6F-A408-4B48-A19C-4F553EA9B631}"
EndProject
Project("{2150E333-8FDC-42A3-9474-1A3956D46DE8}") = "Test", "Test", "{CCEAF7D8-D852-4BF2-B98E-0C21C8AED5B8}"
EndProject
Project("{9A19103F-16F7-4668-BE54-9A1E7A4F7556}") = "FCBHXamarin.UnitTests", "FCBHXamarin.UnitTests\FCBHXamarin.UnitTests.csproj", "{1925C0D1-2888-4CAD-858C-4D0893C079B8}"
EndProject
Project("{FAE04EC0-301F-11D3-BF4B-00C04F79EFBC}") = "FCBHXamarin.UWP", "FCBHXamarin\FCBHXamarin.UWP\FCBHXamarin.UWP.csproj", "{79A7934C-9613-48CC-8A19-CF333247C56B}"
EndProject
Project("{9A19103F-16F7-4668-BE54-9A1E7A4F7556}") = "FCBHXamarin.DataAccess", "FCBHXamarin.Domain\FCBHXamarin.DataAccess\FCBHXamarin.DataAccess.csproj", "{9E57DF1B-13A8-42DD-A5E8-B5AC6445A1CC}"
EndProject
Project("{9A19103F-16F7-4668-BE54-9A1E7A4F7556}") = "FCBHXamarin.Models", "FCBHXamarin.Domain\FCBHXamarin.Models\FCBHXamarin.Models.csproj", "{45F3D570-3436-4A44-9B6E-BD644A9602C8}"
EndProject
Global
	GlobalSection(SolutionConfigurationPlatforms) = preSolution
		Ad-Hoc|Any CPU = Ad-Hoc|Any CPU
		Ad-Hoc|iPhone = Ad-Hoc|iPhone
		Ad-Hoc|iPhoneSimulator = Ad-Hoc|iPhoneSimulator
		AppStore|Any CPU = AppStore|Any CPU
		AppStore|iPhone = AppStore|iPhone
		AppStore|iPhoneSimulator = AppStore|iPhoneSimulator
		Debug|Any CPU = Debug|Any CPU
		Debug|iPhone = Debug|iPhone
		Debug|iPhoneSimulator = Debug|iPhoneSimulator
		Release|Any CPU = Release|Any CPU
		Release|iPhone = Release|iPhone
		Release|iPhoneSimulator = Release|iPhoneSimulator
	EndGlobalSection
	GlobalSection(ProjectConfigurationPlatforms) = postSolution
		{A813C8E4-7DF5-4A56-8D4A-7BA5C279CA64}.Ad-Hoc|Any CPU.ActiveCfg = Release|Any CPU
		{A813C8E4-7DF5-4A56-8D4A-7BA5C279CA64}.Ad-Hoc|Any CPU.Build.0 = Release|Any CPU
		{A813C8E4-7DF5-4A56-8D4A-7BA5C279CA64}.Ad-Hoc|iPhone.ActiveCfg = Debug|Any CPU
		{A813C8E4-7DF5-4A56-8D4A-7BA5C279CA64}.Ad-Hoc|iPhone.Build.0 = Debug|Any CPU
		{A813C8E4-7DF5-4A56-8D4A-7BA5C279CA64}.Ad-Hoc|iPhoneSimulator.ActiveCfg = Release|Any CPU
		{A813C8E4-7DF5-4A56-8D4A-7BA5C279CA64}.Ad-Hoc|iPhoneSimulator.Build.0 = Release|Any CPU
		{A813C8E4-7DF5-4A56-8D4A-7BA5C279CA64}.AppStore|Any CPU.ActiveCfg = Release|Any CPU
		{A813C8E4-7DF5-4A56-8D4A-7BA5C279CA64}.AppStore|Any CPU.Build.0 = Release|Any CPU
		{A813C8E4-7DF5-4A56-8D4A-7BA5C279CA64}.AppStore|iPhone.ActiveCfg = Debug|Any CPU
		{A813C8E4-7DF5-4A56-8D4A-7BA5C279CA64}.AppStore|iPhone.Build.0 = Debug|Any CPU
		{A813C8E4-7DF5-4A56-8D4A-7BA5C279CA64}.AppStore|iPhoneSimulator.ActiveCfg = Release|Any CPU
		{A813C8E4-7DF5-4A56-8D4A-7BA5C279CA64}.AppStore|iPhoneSimulator.Build.0 = Release|Any CPU
		{A813C8E4-7DF5-4A56-8D4A-7BA5C279CA64}.Debug|Any CPU.ActiveCfg = Debug|Any CPU
		{A813C8E4-7DF5-4A56-8D4A-7BA5C279CA64}.Debug|Any CPU.Build.0 = Debug|Any CPU
		{A813C8E4-7DF5-4A56-8D4A-7BA5C279CA64}.Debug|iPhone.ActiveCfg = Debug|Any CPU
		{A813C8E4-7DF5-4A56-8D4A-7BA5C279CA64}.Debug|iPhone.Build.0 = Debug|Any CPU
		{A813C8E4-7DF5-4A56-8D4A-7BA5C279CA64}.Debug|iPhoneSimulator.ActiveCfg = Debug|Any CPU
		{A813C8E4-7DF5-4A56-8D4A-7BA5C279CA64}.Debug|iPhoneSimulator.Build.0 = Debug|Any CPU
		{A813C8E4-7DF5-4A56-8D4A-7BA5C279CA64}.Release|Any CPU.ActiveCfg = Release|Any CPU
		{A813C8E4-7DF5-4A56-8D4A-7BA5C279CA64}.Release|Any CPU.Build.0 = Release|Any CPU
		{A813C8E4-7DF5-4A56-8D4A-7BA5C279CA64}.Release|iPhone.ActiveCfg = Release|Any CPU
		{A813C8E4-7DF5-4A56-8D4A-7BA5C279CA64}.Release|iPhone.Build.0 = Release|Any CPU
		{A813C8E4-7DF5-4A56-8D4A-7BA5C279CA64}.Release|iPhoneSimulator.ActiveCfg = Release|Any CPU
		{A813C8E4-7DF5-4A56-8D4A-7BA5C279CA64}.Release|iPhoneSimulator.Build.0 = Release|Any CPU
		{DF98DF89-B72E-4A35-A1F2-82A42CA4D513}.Ad-Hoc|Any CPU.ActiveCfg = Release|Any CPU
		{DF98DF89-B72E-4A35-A1F2-82A42CA4D513}.Ad-Hoc|Any CPU.Build.0 = Release|Any CPU
		{DF98DF89-B72E-4A35-A1F2-82A42CA4D513}.Ad-Hoc|Any CPU.Deploy.0 = Release|Any CPU
		{DF98DF89-B72E-4A35-A1F2-82A42CA4D513}.Ad-Hoc|iPhone.ActiveCfg = Debug|Any CPU
		{DF98DF89-B72E-4A35-A1F2-82A42CA4D513}.Ad-Hoc|iPhone.Build.0 = Debug|Any CPU
		{DF98DF89-B72E-4A35-A1F2-82A42CA4D513}.Ad-Hoc|iPhone.Deploy.0 = Debug|Any CPU
		{DF98DF89-B72E-4A35-A1F2-82A42CA4D513}.Ad-Hoc|iPhoneSimulator.ActiveCfg = Release|Any CPU
		{DF98DF89-B72E-4A35-A1F2-82A42CA4D513}.Ad-Hoc|iPhoneSimulator.Build.0 = Release|Any CPU
		{DF98DF89-B72E-4A35-A1F2-82A42CA4D513}.Ad-Hoc|iPhoneSimulator.Deploy.0 = Release|Any CPU
		{DF98DF89-B72E-4A35-A1F2-82A42CA4D513}.AppStore|Any CPU.ActiveCfg = Release|Any CPU
		{DF98DF89-B72E-4A35-A1F2-82A42CA4D513}.AppStore|Any CPU.Build.0 = Release|Any CPU
		{DF98DF89-B72E-4A35-A1F2-82A42CA4D513}.AppStore|Any CPU.Deploy.0 = Release|Any CPU
		{DF98DF89-B72E-4A35-A1F2-82A42CA4D513}.AppStore|iPhone.ActiveCfg = Debug|Any CPU
		{DF98DF89-B72E-4A35-A1F2-82A42CA4D513}.AppStore|iPhone.Build.0 = Debug|Any CPU
		{DF98DF89-B72E-4A35-A1F2-82A42CA4D513}.AppStore|iPhone.Deploy.0 = Debug|Any CPU
		{DF98DF89-B72E-4A35-A1F2-82A42CA4D513}.AppStore|iPhoneSimulator.ActiveCfg = Release|Any CPU
		{DF98DF89-B72E-4A35-A1F2-82A42CA4D513}.AppStore|iPhoneSimulator.Build.0 = Release|Any CPU
		{DF98DF89-B72E-4A35-A1F2-82A42CA4D513}.AppStore|iPhoneSimulator.Deploy.0 = Release|Any CPU
		{DF98DF89-B72E-4A35-A1F2-82A42CA4D513}.Debug|Any CPU.ActiveCfg = Debug|Any CPU
		{DF98DF89-B72E-4A35-A1F2-82A42CA4D513}.Debug|Any CPU.Build.0 = Debug|Any CPU
		{DF98DF89-B72E-4A35-A1F2-82A42CA4D513}.Debug|Any CPU.Deploy.0 = Debug|Any CPU
		{DF98DF89-B72E-4A35-A1F2-82A42CA4D513}.Debug|iPhone.ActiveCfg = Debug|Any CPU
		{DF98DF89-B72E-4A35-A1F2-82A42CA4D513}.Debug|iPhone.Build.0 = Debug|Any CPU
		{DF98DF89-B72E-4A35-A1F2-82A42CA4D513}.Debug|iPhone.Deploy.0 = Debug|Any CPU
		{DF98DF89-B72E-4A35-A1F2-82A42CA4D513}.Debug|iPhoneSimulator.ActiveCfg = Debug|Any CPU
		{DF98DF89-B72E-4A35-A1F2-82A42CA4D513}.Debug|iPhoneSimulator.Build.0 = Debug|Any CPU
		{DF98DF89-B72E-4A35-A1F2-82A42CA4D513}.Debug|iPhoneSimulator.Deploy.0 = Debug|Any CPU
		{DF98DF89-B72E-4A35-A1F2-82A42CA4D513}.Release|Any CPU.ActiveCfg = Release|Any CPU
		{DF98DF89-B72E-4A35-A1F2-82A42CA4D513}.Release|Any CPU.Build.0 = Release|Any CPU
		{DF98DF89-B72E-4A35-A1F2-82A42CA4D513}.Release|Any CPU.Deploy.0 = Release|Any CPU
		{DF98DF89-B72E-4A35-A1F2-82A42CA4D513}.Release|iPhone.ActiveCfg = Release|Any CPU
		{DF98DF89-B72E-4A35-A1F2-82A42CA4D513}.Release|iPhone.Build.0 = Release|Any CPU
		{DF98DF89-B72E-4A35-A1F2-82A42CA4D513}.Release|iPhone.Deploy.0 = Release|Any CPU
		{DF98DF89-B72E-4A35-A1F2-82A42CA4D513}.Release|iPhoneSimulator.ActiveCfg = Release|Any CPU
		{DF98DF89-B72E-4A35-A1F2-82A42CA4D513}.Release|iPhoneSimulator.Build.0 = Release|Any CPU
		{DF98DF89-B72E-4A35-A1F2-82A42CA4D513}.Release|iPhoneSimulator.Deploy.0 = Release|Any CPU
		{CA993442-8FC4-4C01-A547-3091C812AE5B}.Ad-Hoc|Any CPU.ActiveCfg = Ad-Hoc|iPhoneSimulator
		{CA993442-8FC4-4C01-A547-3091C812AE5B}.Ad-Hoc|iPhone.ActiveCfg = Ad-Hoc|iPhone
		{CA993442-8FC4-4C01-A547-3091C812AE5B}.Ad-Hoc|iPhone.Build.0 = Ad-Hoc|iPhone
		{CA993442-8FC4-4C01-A547-3091C812AE5B}.Ad-Hoc|iPhone.Deploy.0 = Ad-Hoc|iPhone
		{CA993442-8FC4-4C01-A547-3091C812AE5B}.Ad-Hoc|iPhoneSimulator.ActiveCfg = Ad-Hoc|iPhoneSimulator
		{CA993442-8FC4-4C01-A547-3091C812AE5B}.Ad-Hoc|iPhoneSimulator.Build.0 = Ad-Hoc|iPhoneSimulator
		{CA993442-8FC4-4C01-A547-3091C812AE5B}.AppStore|Any CPU.ActiveCfg = AppStore|iPhoneSimulator
		{CA993442-8FC4-4C01-A547-3091C812AE5B}.AppStore|iPhone.ActiveCfg = AppStore|iPhone
		{CA993442-8FC4-4C01-A547-3091C812AE5B}.AppStore|iPhone.Build.0 = AppStore|iPhone
		{CA993442-8FC4-4C01-A547-3091C812AE5B}.AppStore|iPhone.Deploy.0 = AppStore|iPhone
		{CA993442-8FC4-4C01-A547-3091C812AE5B}.AppStore|iPhoneSimulator.ActiveCfg = AppStore|iPhoneSimulator
		{CA993442-8FC4-4C01-A547-3091C812AE5B}.AppStore|iPhoneSimulator.Build.0 = AppStore|iPhoneSimulator
		{CA993442-8FC4-4C01-A547-3091C812AE5B}.Debug|Any CPU.ActiveCfg = Debug|iPhoneSimulator
		{CA993442-8FC4-4C01-A547-3091C812AE5B}.Debug|Any CPU.Build.0 = Debug|iPhoneSimulator
		{CA993442-8FC4-4C01-A547-3091C812AE5B}.Debug|Any CPU.Deploy.0 = Debug|iPhoneSimulator
		{CA993442-8FC4-4C01-A547-3091C812AE5B}.Debug|iPhone.ActiveCfg = Debug|iPhone
		{CA993442-8FC4-4C01-A547-3091C812AE5B}.Debug|iPhone.Build.0 = Debug|iPhone
		{CA993442-8FC4-4C01-A547-3091C812AE5B}.Debug|iPhone.Deploy.0 = Debug|iPhone
		{CA993442-8FC4-4C01-A547-3091C812AE5B}.Debug|iPhoneSimulator.ActiveCfg = Debug|iPhoneSimulator
		{CA993442-8FC4-4C01-A547-3091C812AE5B}.Debug|iPhoneSimulator.Build.0 = Debug|iPhoneSimulator
		{CA993442-8FC4-4C01-A547-3091C812AE5B}.Debug|iPhoneSimulator.Deploy.0 = Debug|iPhoneSimulator
		{CA993442-8FC4-4C01-A547-3091C812AE5B}.Release|Any CPU.ActiveCfg = Release|iPhoneSimulator
		{CA993442-8FC4-4C01-A547-3091C812AE5B}.Release|Any CPU.Build.0 = Release|iPhoneSimulator
		{CA993442-8FC4-4C01-A547-3091C812AE5B}.Release|Any CPU.Deploy.0 = Release|iPhoneSimulator
		{CA993442-8FC4-4C01-A547-3091C812AE5B}.Release|iPhone.ActiveCfg = Release|iPhone
		{CA993442-8FC4-4C01-A547-3091C812AE5B}.Release|iPhone.Build.0 = Release|iPhone
		{CA993442-8FC4-4C01-A547-3091C812AE5B}.Release|iPhone.Deploy.0 = Release|iPhone
		{CA993442-8FC4-4C01-A547-3091C812AE5B}.Release|iPhoneSimulator.ActiveCfg = Release|iPhoneSimulator
		{CA993442-8FC4-4C01-A547-3091C812AE5B}.Release|iPhoneSimulator.Build.0 = Release|iPhoneSimulator
		{CA993442-8FC4-4C01-A547-3091C812AE5B}.Release|iPhoneSimulator.Deploy.0 = Release|iPhoneSimulator
		{1925C0D1-2888-4CAD-858C-4D0893C079B8}.Ad-Hoc|Any CPU.ActiveCfg = Release|Any CPU
		{1925C0D1-2888-4CAD-858C-4D0893C079B8}.Ad-Hoc|Any CPU.Build.0 = Release|Any CPU
		{1925C0D1-2888-4CAD-858C-4D0893C079B8}.Ad-Hoc|iPhone.ActiveCfg = Debug|Any CPU
		{1925C0D1-2888-4CAD-858C-4D0893C079B8}.Ad-Hoc|iPhone.Build.0 = Debug|Any CPU
		{1925C0D1-2888-4CAD-858C-4D0893C079B8}.Ad-Hoc|iPhoneSimulator.ActiveCfg = Release|Any CPU
		{1925C0D1-2888-4CAD-858C-4D0893C079B8}.Ad-Hoc|iPhoneSimulator.Build.0 = Release|Any CPU
		{1925C0D1-2888-4CAD-858C-4D0893C079B8}.AppStore|Any CPU.ActiveCfg = Release|Any CPU
		{1925C0D1-2888-4CAD-858C-4D0893C079B8}.AppStore|Any CPU.Build.0 = Release|Any CPU
		{1925C0D1-2888-4CAD-858C-4D0893C079B8}.AppStore|iPhone.ActiveCfg = Debug|Any CPU
		{1925C0D1-2888-4CAD-858C-4D0893C079B8}.AppStore|iPhone.Build.0 = Debug|Any CPU
		{1925C0D1-2888-4CAD-858C-4D0893C079B8}.AppStore|iPhoneSimulator.ActiveCfg = Release|Any CPU
		{1925C0D1-2888-4CAD-858C-4D0893C079B8}.AppStore|iPhoneSimulator.Build.0 = Release|Any CPU
		{1925C0D1-2888-4CAD-858C-4D0893C079B8}.Debug|Any CPU.ActiveCfg = Debug|Any CPU
		{1925C0D1-2888-4CAD-858C-4D0893C079B8}.Debug|Any CPU.Build.0 = Debug|Any CPU
		{1925C0D1-2888-4CAD-858C-4D0893C079B8}.Debug|Any CPU.Deploy.0 = Debug|Any CPU
		{1925C0D1-2888-4CAD-858C-4D0893C079B8}.Debug|iPhone.ActiveCfg = Debug|Any CPU
		{1925C0D1-2888-4CAD-858C-4D0893C079B8}.Debug|iPhone.Build.0 = Debug|Any CPU
		{1925C0D1-2888-4CAD-858C-4D0893C079B8}.Debug|iPhoneSimulator.ActiveCfg = Debug|Any CPU
		{1925C0D1-2888-4CAD-858C-4D0893C079B8}.Debug|iPhoneSimulator.Build.0 = Debug|Any CPU
		{1925C0D1-2888-4CAD-858C-4D0893C079B8}.Release|Any CPU.ActiveCfg = Release|Any CPU
		{1925C0D1-2888-4CAD-858C-4D0893C079B8}.Release|Any CPU.Build.0 = Release|Any CPU
		{1925C0D1-2888-4CAD-858C-4D0893C079B8}.Release|iPhone.ActiveCfg = Release|Any CPU
		{1925C0D1-2888-4CAD-858C-4D0893C079B8}.Release|iPhone.Build.0 = Release|Any CPU
		{1925C0D1-2888-4CAD-858C-4D0893C079B8}.Release|iPhoneSimulator.ActiveCfg = Release|Any CPU
		{1925C0D1-2888-4CAD-858C-4D0893C079B8}.Release|iPhoneSimulator.Build.0 = Release|Any CPU
		{79A7934C-9613-48CC-8A19-CF333247C56B}.Ad-Hoc|Any CPU.ActiveCfg = Debug|ARM
		{79A7934C-9613-48CC-8A19-CF333247C56B}.Ad-Hoc|Any CPU.Build.0 = Debug|ARM
		{79A7934C-9613-48CC-8A19-CF333247C56B}.Ad-Hoc|iPhone.ActiveCfg = Debug|x86
		{79A7934C-9613-48CC-8A19-CF333247C56B}.Ad-Hoc|iPhone.Build.0 = Debug|x86
		{79A7934C-9613-48CC-8A19-CF333247C56B}.Ad-Hoc|iPhoneSimulator.ActiveCfg = Debug|ARM
		{79A7934C-9613-48CC-8A19-CF333247C56B}.Ad-Hoc|iPhoneSimulator.Build.0 = Debug|ARM
		{79A7934C-9613-48CC-8A19-CF333247C56B}.Ad-Hoc|iPhoneSimulator.Deploy.0 = Debug|ARM
		{79A7934C-9613-48CC-8A19-CF333247C56B}.AppStore|Any CPU.ActiveCfg = Debug|ARM
		{79A7934C-9613-48CC-8A19-CF333247C56B}.AppStore|Any CPU.Build.0 = Debug|ARM
		{79A7934C-9613-48CC-8A19-CF333247C56B}.AppStore|Any CPU.Deploy.0 = Debug|ARM
		{79A7934C-9613-48CC-8A19-CF333247C56B}.AppStore|iPhone.ActiveCfg = Debug|x86
		{79A7934C-9613-48CC-8A19-CF333247C56B}.AppStore|iPhone.Build.0 = Debug|x86
		{79A7934C-9613-48CC-8A19-CF333247C56B}.AppStore|iPhoneSimulator.ActiveCfg = Debug|ARM
		{79A7934C-9613-48CC-8A19-CF333247C56B}.AppStore|iPhoneSimulator.Build.0 = Debug|ARM
		{79A7934C-9613-48CC-8A19-CF333247C56B}.Debug|Any CPU.ActiveCfg = Debug|x86
		{79A7934C-9613-48CC-8A19-CF333247C56B}.Debug|Any CPU.Build.0 = Debug|x86
		{79A7934C-9613-48CC-8A19-CF333247C56B}.Debug|iPhone.ActiveCfg = Debug|x86
		{79A7934C-9613-48CC-8A19-CF333247C56B}.Debug|iPhone.Build.0 = Debug|x86
		{79A7934C-9613-48CC-8A19-CF333247C56B}.Debug|iPhoneSimulator.ActiveCfg = Debug|x86
		{79A7934C-9613-48CC-8A19-CF333247C56B}.Debug|iPhoneSimulator.Build.0 = Debug|x86
		{79A7934C-9613-48CC-8A19-CF333247C56B}.Release|Any CPU.ActiveCfg = Release|x86
		{79A7934C-9613-48CC-8A19-CF333247C56B}.Release|Any CPU.Build.0 = Release|x86
		{79A7934C-9613-48CC-8A19-CF333247C56B}.Release|iPhone.ActiveCfg = Release|x86
		{79A7934C-9613-48CC-8A19-CF333247C56B}.Release|iPhone.Build.0 = Release|x86
		{79A7934C-9613-48CC-8A19-CF333247C56B}.Release|iPhoneSimulator.ActiveCfg = Release|x86
		{79A7934C-9613-48CC-8A19-CF333247C56B}.Release|iPhoneSimulator.Build.0 = Release|x86
		{9E57DF1B-13A8-42DD-A5E8-B5AC6445A1CC}.Ad-Hoc|Any CPU.ActiveCfg = Release|Any CPU
		{9E57DF1B-13A8-42DD-A5E8-B5AC6445A1CC}.Ad-Hoc|Any CPU.Build.0 = Release|Any CPU
		{9E57DF1B-13A8-42DD-A5E8-B5AC6445A1CC}.Ad-Hoc|iPhone.ActiveCfg = Debug|Any CPU
		{9E57DF1B-13A8-42DD-A5E8-B5AC6445A1CC}.Ad-Hoc|iPhone.Build.0 = Debug|Any CPU
		{9E57DF1B-13A8-42DD-A5E8-B5AC6445A1CC}.Ad-Hoc|iPhoneSimulator.ActiveCfg = Release|Any CPU
		{9E57DF1B-13A8-42DD-A5E8-B5AC6445A1CC}.Ad-Hoc|iPhoneSimulator.Build.0 = Release|Any CPU
		{9E57DF1B-13A8-42DD-A5E8-B5AC6445A1CC}.AppStore|Any CPU.ActiveCfg = Release|Any CPU
		{9E57DF1B-13A8-42DD-A5E8-B5AC6445A1CC}.AppStore|Any CPU.Build.0 = Release|Any CPU
		{9E57DF1B-13A8-42DD-A5E8-B5AC6445A1CC}.AppStore|iPhone.ActiveCfg = Debug|Any CPU
		{9E57DF1B-13A8-42DD-A5E8-B5AC6445A1CC}.AppStore|iPhone.Build.0 = Debug|Any CPU
		{9E57DF1B-13A8-42DD-A5E8-B5AC6445A1CC}.AppStore|iPhoneSimulator.ActiveCfg = Release|Any CPU
		{9E57DF1B-13A8-42DD-A5E8-B5AC6445A1CC}.AppStore|iPhoneSimulator.Build.0 = Release|Any CPU
		{9E57DF1B-13A8-42DD-A5E8-B5AC6445A1CC}.Debug|Any CPU.ActiveCfg = Debug|Any CPU
		{9E57DF1B-13A8-42DD-A5E8-B5AC6445A1CC}.Debug|Any CPU.Build.0 = Debug|Any CPU
		{9E57DF1B-13A8-42DD-A5E8-B5AC6445A1CC}.Debug|iPhone.ActiveCfg = Debug|Any CPU
		{9E57DF1B-13A8-42DD-A5E8-B5AC6445A1CC}.Debug|iPhone.Build.0 = Debug|Any CPU
		{9E57DF1B-13A8-42DD-A5E8-B5AC6445A1CC}.Debug|iPhoneSimulator.ActiveCfg = Debug|Any CPU
		{9E57DF1B-13A8-42DD-A5E8-B5AC6445A1CC}.Debug|iPhoneSimulator.Build.0 = Debug|Any CPU
		{9E57DF1B-13A8-42DD-A5E8-B5AC6445A1CC}.Release|Any CPU.ActiveCfg = Release|Any CPU
		{9E57DF1B-13A8-42DD-A5E8-B5AC6445A1CC}.Release|Any CPU.Build.0 = Release|Any CPU
		{9E57DF1B-13A8-42DD-A5E8-B5AC6445A1CC}.Release|iPhone.ActiveCfg = Release|Any CPU
		{9E57DF1B-13A8-42DD-A5E8-B5AC6445A1CC}.Release|iPhone.Build.0 = Release|Any CPU
		{9E57DF1B-13A8-42DD-A5E8-B5AC6445A1CC}.Release|iPhoneSimulator.ActiveCfg = Release|Any CPU
		{9E57DF1B-13A8-42DD-A5E8-B5AC6445A1CC}.Release|iPhoneSimulator.Build.0 = Release|Any CPU
		{45F3D570-3436-4A44-9B6E-BD644A9602C8}.Ad-Hoc|Any CPU.ActiveCfg = Release|Any CPU
		{45F3D570-3436-4A44-9B6E-BD644A9602C8}.Ad-Hoc|Any CPU.Build.0 = Release|Any CPU
		{45F3D570-3436-4A44-9B6E-BD644A9602C8}.Ad-Hoc|iPhone.ActiveCfg = Debug|Any CPU
		{45F3D570-3436-4A44-9B6E-BD644A9602C8}.Ad-Hoc|iPhone.Build.0 = Debug|Any CPU
		{45F3D570-3436-4A44-9B6E-BD644A9602C8}.Ad-Hoc|iPhoneSimulator.ActiveCfg = Release|Any CPU
		{45F3D570-3436-4A44-9B6E-BD644A9602C8}.Ad-Hoc|iPhoneSimulator.Build.0 = Release|Any CPU
		{45F3D570-3436-4A44-9B6E-BD644A9602C8}.AppStore|Any CPU.ActiveCfg = Release|Any CPU
		{45F3D570-3436-4A44-9B6E-BD644A9602C8}.AppStore|Any CPU.Build.0 = Release|Any CPU
		{45F3D570-3436-4A44-9B6E-BD644A9602C8}.AppStore|iPhone.ActiveCfg = Debug|Any CPU
		{45F3D570-3436-4A44-9B6E-BD644A9602C8}.AppStore|iPhone.Build.0 = Debug|Any CPU
		{45F3D570-3436-4A44-9B6E-BD644A9602C8}.AppStore|iPhoneSimulator.ActiveCfg = Release|Any CPU
		{45F3D570-3436-4A44-9B6E-BD644A9602C8}.AppStore|iPhoneSimulator.Build.0 = Release|Any CPU
		{45F3D570-3436-4A44-9B6E-BD644A9602C8}.Debug|Any CPU.ActiveCfg = Debug|Any CPU
		{45F3D570-3436-4A44-9B6E-BD644A9602C8}.Debug|Any CPU.Build.0 = Debug|Any CPU
		{45F3D570-3436-4A44-9B6E-BD644A9602C8}.Debug|iPhone.ActiveCfg = Debug|Any CPU
		{45F3D570-3436-4A44-9B6E-BD644A9602C8}.Debug|iPhone.Build.0 = Debug|Any CPU
		{45F3D570-3436-4A44-9B6E-BD644A9602C8}.Debug|iPhoneSimulator.ActiveCfg = Debug|Any CPU
		{45F3D570-3436-4A44-9B6E-BD644A9602C8}.Debug|iPhoneSimulator.Build.0 = Debug|Any CPU
		{45F3D570-3436-4A44-9B6E-BD644A9602C8}.Release|Any CPU.ActiveCfg = Release|Any CPU
		{45F3D570-3436-4A44-9B6E-BD644A9602C8}.Release|Any CPU.Build.0 = Release|Any CPU
		{45F3D570-3436-4A44-9B6E-BD644A9602C8}.Release|iPhone.ActiveCfg = Release|Any CPU
		{45F3D570-3436-4A44-9B6E-BD644A9602C8}.Release|iPhone.Build.0 = Release|Any CPU
		{45F3D570-3436-4A44-9B6E-BD644A9602C8}.Release|iPhoneSimulator.ActiveCfg = Release|Any CPU
		{45F3D570-3436-4A44-9B6E-BD644A9602C8}.Release|iPhoneSimulator.Build.0 = Release|Any CPU
	EndGlobalSection
	GlobalSection(SolutionProperties) = preSolution
		HideSolutionNode = FALSE
	EndGlobalSection
	GlobalSection(NestedProjects) = preSolution
		{A813C8E4-7DF5-4A56-8D4A-7BA5C279CA64} = {D512256B-BF6C-485C-BC7E-7919B4FE50FD}
		{DF98DF89-B72E-4A35-A1F2-82A42CA4D513} = {D512256B-BF6C-485C-BC7E-7919B4FE50FD}
		{CA993442-8FC4-4C01-A547-3091C812AE5B} = {D512256B-BF6C-485C-BC7E-7919B4FE50FD}
		{1925C0D1-2888-4CAD-858C-4D0893C079B8} = {CCEAF7D8-D852-4BF2-B98E-0C21C8AED5B8}
		{79A7934C-9613-48CC-8A19-CF333247C56B} = {D512256B-BF6C-485C-BC7E-7919B4FE50FD}
		{9E57DF1B-13A8-42DD-A5E8-B5AC6445A1CC} = {2211CE6F-A408-4B48-A19C-4F553EA9B631}
		{45F3D570-3436-4A44-9B6E-BD644A9602C8} = {2211CE6F-A408-4B48-A19C-4F553EA9B631}
	EndGlobalSection
	GlobalSection(ExtensibilityGlobals) = postSolution
		SolutionGuid = {D83FCE9B-8BAC-4FAE-BAD5-1890A89DAF79}
	EndGlobalSection
EndGlobal
